
Microsoft Visual Studio Solution File, Format Version 12.00
# Visual Studio Version 17
VisualStudioVersion = 17.0.31903.59
MinimumVisualStudioVersion = 10.0.40219.1
Project("{FAE04EC0-301F-11D3-BF4B-00C04F79EFBC}") = "ConsoleApp", "ConsoleApp\ConsoleApp.csproj", "{32B5115C-DF8C-4A49-A75D-6D49CCA920A9}"
EndProject
Project("{FAE04EC0-301F-11D3-BF4B-00C04F79EFBC}") = "SourceGenerator", "SourceGenerator\SourceGenerator.csproj", "{575DDCF1-CB48-4558-94E5-7DB5CBEACC4A}"
EndProject
Global
	GlobalSection(SolutionConfigurationPlatforms) = preSolution
		Debug|Any CPU = Debug|Any CPU
		Release|Any CPU = Release|Any CPU
	EndGlobalSection
	GlobalSection(SolutionProperties) = preSolution
		HideSolutionNode = FALSE
	EndGlobalSection
	GlobalSection(ProjectConfigurationPlatforms) = postSolution
		{32B5115C-DF8C-4A49-A75D-6D49CCA920A9}.Debug|Any CPU.ActiveCfg = Debug|Any CPU
		{32B5115C-DF8C-4A49-A75D-6D49CCA920A9}.Debug|Any CPU.Build.0 = Debug|Any CPU
		{32B5115C-DF8C-4A49-A75D-6D49CCA920A9}.Release|Any CPU.ActiveCfg = Release|Any CPU
		{32B5115C-DF8C-4A49-A75D-6D49CCA920A9}.Release|Any CPU.Build.0 = Release|Any CPU
		{575DDCF1-CB48-4558-94E5-7DB5CBEACC4A}.Debug|Any CPU.ActiveCfg = Debug|Any CPU
		{575DDCF1-CB48-4558-94E5-7DB5CBEACC4A}.Debug|Any CPU.Build.0 = Debug|Any CPU
		{575DDCF1-CB48-4558-94E5-7DB5CBEACC4A}.Release|Any CPU.ActiveCfg = Release|Any CPU
		{575DDCF1-CB48-4558-94E5-7DB5CBEACC4A}.Release|Any CPU.Build.0 = Release|Any CPU
	EndGlobalSection
EndGlobal
